Microsoft Visual Studio Solution File, Format Version 10.00
# Visual C++ Express 2008
Project("{8BC9CEB8-8B4A-11D0-8D11-00A0C91BC942}") = "lsieve", "lsieve.vcproj", "{E542B07D-5393-4B0B-8DBF-904DDBE7D7BA}"
EndProject
Project("{8BC9CEB8-8B4A-11D0-8D11-00A0C91BC942}") = "filter", "filter.vcproj", "{EF5E43EA-CB88-4CCD-B425-28193FF434CE}"
EndProject
Project("{8BC9CEB8-8B4A-11D0-8D11-00A0C91BC942}") = "buildMatrix", "buildMatrix.vcproj", "{1D719E14-CA92-41E6-9255-73AD5290A04B}"
EndProject
Project("{8BC9CEB8-8B4A-11D0-8D11-00A0C91BC942}") = "bl", "bl.vcproj", "{6B8F36AA-EAD9-47AE-A277-D2BE4D89CD7D}"
EndProject
Project("{8BC9CEB8-8B4A-11D0-8D11-00A0C91BC942}") = "calcroot", "calcroot.vcproj", "{D4EC75D9-5D2D-4356-8A61-BF4D6ECE5489}"
EndProject
Project("{8BC9CEB8-8B4A-11D0-8D11-00A0C91BC942}") = "processDependencies", "processDependencies.vcproj", "{817C058F-5832-4F39-9EDE-FF3A73C73C77}"
EndProject
Project("{8BC9CEB8-8B4A-11D0-8D11-00A0C91BC942}") = "skewed", "skewed.vcproj", "{C64EC0D2-F0A1-438B-B726-5ED0341CA26F}"
EndProject
Project("{8BC9CEB8-8B4A-11D0-8D11-00A0C91BC942}") = "murphy", "murphy.vcproj", "{442E7F97-9262-481D-83C2-473748E9F756}"
EndProject
Project("{8BC9CEB8-8B4A-11D0-8D11-00A0C91BC942}") = "sieve", "sieve.vcproj", "{AE61B603-B50C-47B2-92EF-BCBCF78C108C}"
EndProject
Project("{8BC9CEB8-8B4A-11D0-8D11-00A0C91BC942}") = "DenseRowTest", "DenseRowTest.vcproj", "{5A9B09E2-2256-4F63-B021-A0FE70616DEE}"
EndProject
Project("{8BC9CEB8-8B4A-11D0-8D11-00A0C91BC942}") = "stest", "stest.vcproj", "{C3C5CF38-5386-4DAE-8EBE-A9AE94FAFFB5}"
EndProject
Project("{8BC9CEB8-8B4A-11D0-8D11-00A0C91BC942}") = "testan", "testan.vcproj", "{B1880D99-98DE-4316-85AA-585FD7B05BED}"
EndProject
Project("{8BC9CEB8-8B4A-11D0-8D11-00A0C91BC942}") = "gen", "gen.vcproj", "{71319BE5-9208-43BF-85A4-BE72976AC0E4}"
EndProject
Project("{8BC9CEB8-8B4A-11D0-8D11-00A0C91BC942}") = "testhnf", "testhnf.vcproj", "{98CD24E5-1204-422A-8202-B47FFAD83802}"
EndProject
Project("{8BC9CEB8-8B4A-11D0-8D11-00A0C91BC942}") = "SparseMatrixUnitTest", "SparseMatrixUnitTest.vcproj", "{BC14BDB6-9338-452A-8328-FB4434C13C3C}"
EndProject
Project("{8BC9CEB8-8B4A-11D0-8D11-00A0C91BC942}") = "MatrixUnitTest", "MatrixUnitTest.vcproj", "{FE84E566-4803-49C2-84B8-A98D1C50B63C}"
EndProject
Project("{8BC9CEB8-8B4A-11D0-8D11-00A0C91BC942}") = "inv", "inv.vcproj", "{816B7215-E740-45D2-927C-AEFCAE99E14C}"
EndProject
Project("{8BC9CEB8-8B4A-11D0-8D11-00A0C91BC942}") = "testmmf", "testmmf.vcproj", "{91CFE961-2CA2-41E3-A47F-77BA4C12CD83}"
EndProject
Project("{8BC9CEB8-8B4A-11D0-8D11-00A0C91BC942}") = "convert", "convert.vcproj", "{2440FF9A-6210-4D7B-83BD-1A959F81103D}"
EndProject
Project("{8BC9CEB8-8B4A-11D0-8D11-00A0C91BC942}") = "testfactor", "testfactor.vcproj", "{E4582C71-6421-4322-A8C7-4FA2E30B3BF3}"
EndProject
Project("{8BC9CEB8-8B4A-11D0-8D11-00A0C91BC942}") = "BitOperationsUnitTest", "BitOperationsUnitTest.vcproj", "{BB747E17-8D12-4CBB-A338-4DD45F16146C}"
EndProject
Project("{8BC9CEB8-8B4A-11D0-8D11-00A0C91BC942}") = "LongModularUnitTest", "LongModularUnitTest.vcproj", "{7CF140A9-32FE-4C31-9C8F-556CD2EF3EAF}"
EndProject
Project("{8BC9CEB8-8B4A-11D0-8D11-00A0C91BC942}") = "MemoryMappedFileUnitTest", "MemoryMappedFileUnitTest.vcproj", "{48EF4DB1-9969-40AD-A16C-A88225BC89FE}"
EndProject
Project("{8BC9CEB8-8B4A-11D0-8D11-00A0C91BC942}") = "VeryLongUnitTest", "VeryLongUnitTest.vcproj", "{8D23F5FF-C292-4581-B087-252558BF7CA5}"
EndProject
Project("{8BC9CEB8-8B4A-11D0-8D11-00A0C91BC942}") = "PolynomialUnitTest", "PolynomialUnitTest.vcproj", "{A87034E1-F34F-4F8A-A1D4-2CC2CE526DE5}"
EndProject
Project("{8BC9CEB8-8B4A-11D0-8D11-00A0C91BC942}") = "VeryLongModularUnitTest", "VeryLongModularUnitTest.vcproj", "{69E77A29-2BBB-451A-B448-5143E94CD159}"
EndProject
Project("{8BC9CEB8-8B4A-11D0-8D11-00A0C91BC942}") = "AlgebraicNumberModularUnitTest", "AlgebraicNumberUnitTest.vcproj", "{4713FC4C-E857-45C2-9B49-715B8290FD0D}"
EndProject
Global
	GlobalSection(SolutionConfigurationPlatforms) = preSolution
		Debug|Win32 = Debug|Win32
		Release|Win32 = Release|Win32
	EndGlobalSection
	GlobalSection(ProjectConfigurationPlatforms) = postSolution
		{E542B07D-5393-4B0B-8DBF-904DDBE7D7BA}.Debug|Win32.ActiveCfg = Debug|Win32
		{E542B07D-5393-4B0B-8DBF-904DDBE7D7BA}.Debug|Win32.Build.0 = Debug|Win32
		{E542B07D-5393-4B0B-8DBF-904DDBE7D7BA}.Release|Win32.ActiveCfg = Release|Win32
		{E542B07D-5393-4B0B-8DBF-904DDBE7D7BA}.Release|Win32.Build.0 = Release|Win32
		{EF5E43EA-CB88-4CCD-B425-28193FF434CE}.Debug|Win32.ActiveCfg = Release|Win32
		{EF5E43EA-CB88-4CCD-B425-28193FF434CE}.Debug|Win32.Build.0 = Release|Win32
		{EF5E43EA-CB88-4CCD-B425-28193FF434CE}.Release|Win32.ActiveCfg = Release|Win32
		{EF5E43EA-CB88-4CCD-B425-28193FF434CE}.Release|Win32.Build.0 = Release|Win32
		{1D719E14-CA92-41E6-9255-73AD5290A04B}.Debug|Win32.ActiveCfg = Debug|Win32
		{1D719E14-CA92-41E6-9255-73AD5290A04B}.Debug|Win32.Build.0 = Debug|Win32
		{1D719E14-CA92-41E6-9255-73AD5290A04B}.Release|Win32.ActiveCfg = Release|Win32
		{1D719E14-CA92-41E6-9255-73AD5290A04B}.Release|Win32.Build.0 = Release|Win32
		{6B8F36AA-EAD9-47AE-A277-D2BE4D89CD7D}.Debug|Win32.ActiveCfg = Debug|Win32
		{6B8F36AA-EAD9-47AE-A277-D2BE4D89CD7D}.Debug|Win32.Build.0 = Debug|Win32
		{6B8F36AA-EAD9-47AE-A277-D2BE4D89CD7D}.Release|Win32.ActiveCfg = Release|Win32
		{6B8F36AA-EAD9-47AE-A277-D2BE4D89CD7D}.Release|Win32.Build.0 = Release|Win32
		{D4EC75D9-5D2D-4356-8A61-BF4D6ECE5489}.Debug|Win32.ActiveCfg = Debug|Win32
		{D4EC75D9-5D2D-4356-8A61-BF4D6ECE5489}.Debug|Win32.Build.0 = Debug|Win32
		{D4EC75D9-5D2D-4356-8A61-BF4D6ECE5489}.Release|Win32.ActiveCfg = Release|Win32
		{D4EC75D9-5D2D-4356-8A61-BF4D6ECE5489}.Release|Win32.Build.0 = Release|Win32
		{817C058F-5832-4F39-9EDE-FF3A73C73C77}.Debug|Win32.ActiveCfg = Debug|Win32
		{817C058F-5832-4F39-9EDE-FF3A73C73C77}.Debug|Win32.Build.0 = Debug|Win32
		{817C058F-5832-4F39-9EDE-FF3A73C73C77}.Release|Win32.ActiveCfg = Release|Win32
		{817C058F-5832-4F39-9EDE-FF3A73C73C77}.Release|Win32.Build.0 = Release|Win32
		{C64EC0D2-F0A1-438B-B726-5ED0341CA26F}.Debug|Win32.ActiveCfg = Debug|Win32
		{C64EC0D2-F0A1-438B-B726-5ED0341CA26F}.Debug|Win32.Build.0 = Debug|Win32
		{C64EC0D2-F0A1-438B-B726-5ED0341CA26F}.Release|Win32.ActiveCfg = Release|Win32
		{C64EC0D2-F0A1-438B-B726-5ED0341CA26F}.Release|Win32.Build.0 = Release|Win32
		{442E7F97-9262-481D-83C2-473748E9F756}.Debug|Win32.ActiveCfg = Debug|Win32
		{442E7F97-9262-481D-83C2-473748E9F756}.Release|Win32.ActiveCfg = Release|Win32
		{AE61B603-B50C-47B2-92EF-BCBCF78C108C}.Debug|Win32.ActiveCfg = Debug|Win32
		{AE61B603-B50C-47B2-92EF-BCBCF78C108C}.Debug|Win32.Build.0 = Debug|Win32
		{AE61B603-B50C-47B2-92EF-BCBCF78C108C}.Release|Win32.ActiveCfg = Release|Win32
		{AE61B603-B50C-47B2-92EF-BCBCF78C108C}.Release|Win32.Build.0 = Release|Win32
		{5A9B09E2-2256-4F63-B021-A0FE70616DEE}.Debug|Win32.ActiveCfg = Debug|Win32
		{5A9B09E2-2256-4F63-B021-A0FE70616DEE}.Debug|Win32.Build.0 = Debug|Win32
		{5A9B09E2-2256-4F63-B021-A0FE70616DEE}.Release|Win32.ActiveCfg = Release|Win32
		{5A9B09E2-2256-4F63-B021-A0FE70616DEE}.Release|Win32.Build.0 = Release|Win32
		{C3C5CF38-5386-4DAE-8EBE-A9AE94FAFFB5}.Debug|Win32.ActiveCfg = Debug|Win32
		{C3C5CF38-5386-4DAE-8EBE-A9AE94FAFFB5}.Debug|Win32.Build.0 = Debug|Win32
		{C3C5CF38-5386-4DAE-8EBE-A9AE94FAFFB5}.Release|Win32.ActiveCfg = Release|Win32
		{C3C5CF38-5386-4DAE-8EBE-A9AE94FAFFB5}.Release|Win32.Build.0 = Release|Win32
		{B1880D99-98DE-4316-85AA-585FD7B05BED}.Debug|Win32.ActiveCfg = Debug|Win32
		{B1880D99-98DE-4316-85AA-585FD7B05BED}.Debug|Win32.Build.0 = Debug|Win32
		{B1880D99-98DE-4316-85AA-585FD7B05BED}.Release|Win32.ActiveCfg = Release|Win32
		{B1880D99-98DE-4316-85AA-585FD7B05BED}.Release|Win32.Build.0 = Release|Win32
		{71319BE5-9208-43BF-85A4-BE72976AC0E4}.Debug|Win32.ActiveCfg = Debug|Win32
		{71319BE5-9208-43BF-85A4-BE72976AC0E4}.Debug|Win32.Build.0 = Debug|Win32
		{71319BE5-9208-43BF-85A4-BE72976AC0E4}.Release|Win32.ActiveCfg = Release|Win32
		{71319BE5-9208-43BF-85A4-BE72976AC0E4}.Release|Win32.Build.0 = Release|Win32
		{98CD24E5-1204-422A-8202-B47FFAD83802}.Debug|Win32.ActiveCfg = Debug|Win32
		{98CD24E5-1204-422A-8202-B47FFAD83802}.Debug|Win32.Build.0 = Debug|Win32
		{98CD24E5-1204-422A-8202-B47FFAD83802}.Release|Win32.ActiveCfg = Release|Win32
		{98CD24E5-1204-422A-8202-B47FFAD83802}.Release|Win32.Build.0 = Release|Win32
		{BC14BDB6-9338-452A-8328-FB4434C13C3C}.Debug|Win32.ActiveCfg = Debug|Win32
		{BC14BDB6-9338-452A-8328-FB4434C13C3C}.Release|Win32.ActiveCfg = Release|Win32
		{FE84E566-4803-49C2-84B8-A98D1C50B63C}.Debug|Win32.ActiveCfg = Release|Win32
		{FE84E566-4803-49C2-84B8-A98D1C50B63C}.Debug|Win32.Build.0 = Release|Win32
		{FE84E566-4803-49C2-84B8-A98D1C50B63C}.Release|Win32.ActiveCfg = Release|Win32
		{FE84E566-4803-49C2-84B8-A98D1C50B63C}.Release|Win32.Build.0 = Release|Win32
		{816B7215-E740-45D2-927C-AEFCAE99E14C}.Debug|Win32.ActiveCfg = Debug|Win32
		{816B7215-E740-45D2-927C-AEFCAE99E14C}.Debug|Win32.Build.0 = Debug|Win32
		{816B7215-E740-45D2-927C-AEFCAE99E14C}.Release|Win32.ActiveCfg = Release|Win32
		{816B7215-E740-45D2-927C-AEFCAE99E14C}.Release|Win32.Build.0 = Release|Win32
		{91CFE961-2CA2-41E3-A47F-77BA4C12CD83}.Debug|Win32.ActiveCfg = Debug|Win32
		{91CFE961-2CA2-41E3-A47F-77BA4C12CD83}.Debug|Win32.Build.0 = Debug|Win32
		{91CFE961-2CA2-41E3-A47F-77BA4C12CD83}.Release|Win32.ActiveCfg = Release|Win32
		{91CFE961-2CA2-41E3-A47F-77BA4C12CD83}.Release|Win32.Build.0 = Release|Win32
		{2440FF9A-6210-4D7B-83BD-1A959F81103D}.Debug|Win32.ActiveCfg = Debug|Win32
		{2440FF9A-6210-4D7B-83BD-1A959F81103D}.Debug|Win32.Build.0 = Debug|Win32
		{2440FF9A-6210-4D7B-83BD-1A959F81103D}.Release|Win32.ActiveCfg = Release|Win32
		{2440FF9A-6210-4D7B-83BD-1A959F81103D}.Release|Win32.Build.0 = Release|Win32
		{E4582C71-6421-4322-A8C7-4FA2E30B3BF3}.Debug|Win32.ActiveCfg = Debug|Win32
		{E4582C71-6421-4322-A8C7-4FA2E30B3BF3}.Debug|Win32.Build.0 = Debug|Win32
		{E4582C71-6421-4322-A8C7-4FA2E30B3BF3}.Release|Win32.ActiveCfg = Release|Win32
		{E4582C71-6421-4322-A8C7-4FA2E30B3BF3}.Release|Win32.Build.0 = Release|Win32
		{BB747E17-8D12-4CBB-A338-4DD45F16146C}.Debug|Win32.ActiveCfg = Debug|Win32
		{BB747E17-8D12-4CBB-A338-4DD45F16146C}.Debug|Win32.Build.0 = Debug|Win32
		{BB747E17-8D12-4CBB-A338-4DD45F16146C}.Release|Win32.ActiveCfg = Release|Win32
		{BB747E17-8D12-4CBB-A338-4DD45F16146C}.Release|Win32.Build.0 = Release|Win32
		{7CF140A9-32FE-4C31-9C8F-556CD2EF3EAF}.Debug|Win32.ActiveCfg = Debug|Win32
		{7CF140A9-32FE-4C31-9C8F-556CD2EF3EAF}.Debug|Win32.Build.0 = Debug|Win32
		{7CF140A9-32FE-4C31-9C8F-556CD2EF3EAF}.Release|Win32.ActiveCfg = Release|Win32
		{7CF140A9-32FE-4C31-9C8F-556CD2EF3EAF}.Release|Win32.Build.0 = Release|Win32
		{48EF4DB1-9969-40AD-A16C-A88225BC89FE}.Debug|Win32.ActiveCfg = Debug|Win32
		{48EF4DB1-9969-40AD-A16C-A88225BC89FE}.Release|Win32.ActiveCfg = Release|Win32
		{8D23F5FF-C292-4581-B087-252558BF7CA5}.Debug|Win32.ActiveCfg = Debug|Win32
		{8D23F5FF-C292-4581-B087-252558BF7CA5}.Debug|Win32.Build.0 = Debug|Win32
		{8D23F5FF-C292-4581-B087-252558BF7CA5}.Release|Win32.ActiveCfg = Release|Win32
		{8D23F5FF-C292-4581-B087-252558BF7CA5}.Release|Win32.Build.0 = Release|Win32
		{A87034E1-F34F-4F8A-A1D4-2CC2CE526DE5}.Debug|Win32.ActiveCfg = Debug|Win32
		{A87034E1-F34F-4F8A-A1D4-2CC2CE526DE5}.Release|Win32.ActiveCfg = Release|Win32
		{69E77A29-2BBB-451A-B448-5143E94CD159}.Debug|Win32.ActiveCfg = Debug|Win32
		{69E77A29-2BBB-451A-B448-5143E94CD159}.Debug|Win32.Build.0 = Debug|Win32
		{69E77A29-2BBB-451A-B448-5143E94CD159}.Release|Win32.ActiveCfg = Release|Win32
		{69E77A29-2BBB-451A-B448-5143E94CD159}.Release|Win32.Build.0 = Release|Win32
		{4713FC4C-E857-45C2-9B49-715B8290FD0D}.Debug|Win32.ActiveCfg = Debug|Win32
		{4713FC4C-E857-45C2-9B49-715B8290FD0D}.Debug|Win32.Build.0 = Debug|Win32
		{4713FC4C-E857-45C2-9B49-715B8290FD0D}.Release|Win32.ActiveCfg = Release|Win32
		{4713FC4C-E857-45C2-9B49-715B8290FD0D}.Release|Win32.Build.0 = Release|Win32
	EndGlobalSection
	GlobalSection(SolutionProperties) = preSolution
		HideSolutionNode = FALSE
	EndGlobalSection
EndGlobal
